
Microsoft Visual Studio Solution File, Format Version 12.00
# Visual Studio Version 17
VisualStudioVersion = 17.8.34330.188
MinimumVisualStudioVersion = 10.0.40219.1
Project("{9A19103F-16F7-4668-BE54-9A1E7A4F7556}") = "TodoService", "TodoService\TodoService.csproj", "{57EB926F-E521-4434-895E-307717D30786}"
EndProject
Project("{FAE04EC0-301F-11D3-BF4B-00C04F79EFBC}") = "TodoService.Business", "TodoService.Business\TodoService.Business.csproj", "{1B76AA74-32E5-4AE2-9E35-E01BD0BA4821}"
EndProject
Project("{FAE04EC0-301F-11D3-BF4B-00C04F79EFBC}") = "TodoService.Domain", "TodoService.Domain\TodoService.Domain.csproj", "{2CFE9971-7476-457D-96C5-0854B8F4172C}"
EndProject
Project("{FAE04EC0-301F-11D3-BF4B-00C04F79EFBC}") = "TodoService.Infrastructure", "TodoService.Infrastructure\TodoService.Infrastructure.csproj", "{62E8F43A-0AF6-44D2-9DA6-B55DF4830ED9}"
EndProject
Global
	GlobalSection(SolutionConfigurationPlatforms) = preSolution
		Debug|Any CPU = Debug|Any CPU
		Release|Any CPU = Release|Any CPU
	EndGlobalSection
	GlobalSection(ProjectConfigurationPlatforms) = postSolution
		{57EB926F-E521-4434-895E-307717D30786}.Debug|Any CPU.ActiveCfg = Debug|Any CPU
		{57EB926F-E521-4434-895E-307717D30786}.Debug|Any CPU.Build.0 = Debug|Any CPU
		{57EB926F-E521-4434-895E-307717D30786}.Release|Any CPU.ActiveCfg = Release|Any CPU
		{57EB926F-E521-4434-895E-307717D30786}.Release|Any CPU.Build.0 = Release|Any CPU
		{1B76AA74-32E5-4AE2-9E35-E01BD0BA4821}.Debug|Any CPU.ActiveCfg = Debug|Any CPU
		{1B76AA74-32E5-4AE2-9E35-E01BD0BA4821}.Debug|Any CPU.Build.0 = Debug|Any CPU
		{1B76AA74-32E5-4AE2-9E35-E01BD0BA4821}.Release|Any CPU.ActiveCfg = Release|Any CPU
		{1B76AA74-32E5-4AE2-9E35-E01BD0BA4821}.Release|Any CPU.Build.0 = Release|Any CPU
		{2CFE9971-7476-457D-96C5-0854B8F4172C}.Debug|Any CPU.ActiveCfg = Debug|Any CPU
		{2CFE9971-7476-457D-96C5-0854B8F4172C}.Debug|Any CPU.Build.0 = Debug|Any CPU
		{2CFE9971-7476-457D-96C5-0854B8F4172C}.Release|Any CPU.ActiveCfg = Release|Any CPU
		{2CFE9971-7476-457D-96C5-0854B8F4172C}.Release|Any CPU.Build.0 = Release|Any CPU
		{62E8F43A-0AF6-44D2-9DA6-B55DF4830ED9}.Debug|Any CPU.ActiveCfg = Debug|Any CPU
		{62E8F43A-0AF6-44D2-9DA6-B55DF4830ED9}.Debug|Any CPU.Build.0 = Debug|Any CPU
		{62E8F43A-0AF6-44D2-9DA6-B55DF4830ED9}.Release|Any CPU.ActiveCfg = Release|Any CPU
		{62E8F43A-0AF6-44D2-9DA6-B55DF4830ED9}.Release|Any CPU.Build.0 = Release|Any CPU
	EndGlobalSection
	GlobalSection(SolutionProperties) = preSolution
		HideSolutionNode = FALSE
	EndGlobalSection
	GlobalSection(ExtensibilityGlobals) = postSolution
		SolutionGuid = {962DE788-D6A8-474D-814B-AE8275CCBF2D}
	EndGlobalSection
EndGlobal
